<?xml version="1.0" encoding="utf-8"?>
<Project ToolsVersion="4.0" xmlns="http://schemas.microsoft.com/developer/msbuild/2003">
  <ItemGroup>
    <Filter Include="Application">
      <UniqueIdentifier>{B806C850-4D36-49F9-BF27-4BCE79198177}</UniqueIdentifier>
    </Filter>
    <Filter Include="Workspace">
      <UniqueIdentifier>{3275DE69-55D8-4C1A-A686-6DF9992A4EF9}</UniqueIdentifier>
    </Filter>
    <Filter Include="SCT">
      <UniqueIdentifier>{25345B88-F847-4A8C-9B83-82C6C45E5225}</UniqueIdentifier>
    </Filter>
    <Filter Include="Legacy">
      <UniqueIdentifier>{67F42B4A-FB08-46A4-9976-9F09E73B5E0F}</UniqueIdentifier>
    </Filter>
  </ItemGroup>
  <ItemGroup>
    <ClCompile Include="main.cpp" />
    <ClCompile Include="Application\MainWindow.cpp">
      <Filter>Application</Filter>
    </ClCompile>
    <ClCompile Include="Application\ExclusiveOperationController.cpp"><Filter>Application</Filter></ClCompile>
    <ClCompile Include="Application\ExclusiveOperationCoordinator.cpp"><Filter>Application</Filter></ClCompile>
    <ClCompile Include="Application\ExclusiveOperationDialog.cpp"><Filter>Application</Filter></ClCompile>
    <ClCompile Include="Application\DisabledActionHintPresenter.cpp"><Filter>Application</Filter></ClCompile>
    <ClCompile Include="Application\HelpWindow.cpp"><Filter>Application</Filter></ClCompile>
    <ClCompile Include="Application\SalsaLogging.cpp"><Filter>Application</Filter></ClCompile>
    <ClCompile Include="Application\TransientNoticePresenter.cpp"><Filter>Application</Filter></ClCompile>
    <ClCompile Include="Legacy\LegacyConversionDialog.cpp"><Filter>Legacy</Filter></ClCompile>
    <ClCompile Include="Workspace\DiagnosticsModel.cpp"><Filter>Workspace</Filter></ClCompile>
    <ClCompile Include="Workspace\ActivityLogModel.cpp"><Filter>Workspace</Filter></ClCompile>
    <ClCompile Include="Workspace\WorkspaceController.cpp"><Filter>Workspace</Filter></ClCompile>
    <ClCompile Include="Workspace\WorkspaceOperationController.cpp"><Filter>Workspace</Filter></ClCompile>
    <ClCompile Include="Workspace\WorkspaceMaintenanceController.cpp"><Filter>Workspace</Filter></ClCompile>
    <ClCompile Include="Workspace\DatasetOverviewWidget.cpp"><Filter>Workspace</Filter></ClCompile>
    <ClCompile Include="Workspace\WorkspaceModel.cpp"><Filter>Workspace</Filter></ClCompile>
    <ClCompile Include="Sct\SctDocumentController.cpp"><Filter>SCT</Filter></ClCompile>
    <ClCompile Include="Sct\SctSequenceEditorDialog.cpp"><Filter>SCT</Filter></ClCompile>
    <ClCompile Include="Sct\SctCatalogEditorDialog.cpp"><Filter>SCT</Filter></ClCompile>
    <ClCompile Include="Sct\SctExportDialog.cpp"><Filter>SCT</Filter></ClCompile>
    <ClCompile Include="Sct\SctRebaseDialog.cpp"><Filter>SCT</Filter></ClCompile>
    <ClCompile Include="Sct\SctDocumentWidget.cpp"><Filter>SCT</Filter></ClCompile>
    <ClCompile Include="Sct\SctOutlineModel.cpp"><Filter>SCT</Filter></ClCompile>
    <ClCompile Include="Sct\SctStructuredOutlineModel.cpp"><Filter>SCT</Filter></ClCompile>
    <ClCompile Include="Sct\SctMessageEditorWidget.cpp"><Filter>SCT</Filter></ClCompile>
    <ClCompile Include="Sct\SctMetadataEditorWidget.cpp"><Filter>SCT</Filter></ClCompile>
    <ClCompile Include="Sct\SctParameterTableModel.cpp"><Filter>SCT</Filter></ClCompile>
    <ClCompile Include="Sct\SctScptEditorWidget.cpp"><Filter>SCT</Filter></ClCompile>
    <ClCompile Include="Sct\SctSemanticNavigatorWidget.cpp"><Filter>SCT</Filter></ClCompile>
    <QtMoc Include="Workspace\WorkspaceController.h"><Filter>Workspace</Filter></QtMoc>
    <QtMoc Include="Workspace\WorkspaceOperationController.h"><Filter>Workspace</Filter></QtMoc>
    <QtMoc Include="Workspace\WorkspaceMaintenanceController.h"><Filter>Workspace</Filter></QtMoc>
    <QtMoc Include="Application\ExclusiveOperationController.h"><Filter>Application</Filter></QtMoc>
    <QtMoc Include="Application\ExclusiveOperationCoordinator.h"><Filter>Application</Filter></QtMoc>
    <QtMoc Include="Application\ExclusiveOperationDialog.h"><Filter>Application</Filter></QtMoc>
    <QtMoc Include="Legacy\LegacyConversionDialog.h"><Filter>Legacy</Filter></QtMoc>
    <ClInclude Include="Sct\SctSequenceEditorDialog.h"><Filter>SCT</Filter></ClInclude>
    <QtMoc Include="Sct\SctDocumentController.h"><Filter>SCT</Filter></QtMoc>
    <ClInclude Include="Sct\SctCatalogEditorDialog.h"><Filter>SCT</Filter></ClInclude>
    <QtMoc Include="Sct\SctDocumentWidget.h"><Filter>SCT</Filter></QtMoc>
    <QtMoc Include="Sct\SctOutlineModel.h"><Filter>SCT</Filter></QtMoc>
    <QtMoc Include="Sct\SctStructuredOutlineModel.h"><Filter>SCT</Filter></QtMoc>
    <QtMoc Include="Sct\SctMessageEditorWidget.h"><Filter>SCT</Filter></QtMoc>
    <QtMoc Include="Sct\SctParameterTableModel.h"><Filter>SCT</Filter></QtMoc>
    <QtMoc Include="Sct\SctScptEditorWidget.h"><Filter>SCT</Filter></QtMoc>
    <QtMoc Include="Sct\SctSemanticNavigatorWidget.h"><Filter>SCT</Filter></QtMoc>
    <QtMoc Include="Workspace\DatasetOverviewWidget.h"><Filter>Workspace</Filter></QtMoc>
  </ItemGroup>
  <ItemGroup>
    <ClInclude Include="Application\MainWindow.h">
      <Filter>Application</Filter>
    </ClInclude>
    <ClInclude Include="Application\DisabledActionHintPresenter.h"><Filter>Application</Filter></ClInclude>
    <ClInclude Include="Application\HelpWindow.h"><Filter>Application</Filter></ClInclude>
    <ClInclude Include="Application\InteractionNotice.h"><Filter>Application</Filter></ClInclude>
    <ClInclude Include="Application\SalsaLogging.h"><Filter>Application</Filter></ClInclude>
    <ClInclude Include="Application\TransientNoticePresenter.h"><Filter>Application</Filter></ClInclude>
    <ClInclude Include="Sct\SctExportDialog.h"><Filter>SCT</Filter></ClInclude>
    <ClInclude Include="Sct\SctRebaseDialog.h"><Filter>SCT</Filter></ClInclude>
    <ClInclude Include="Workspace\DiagnosticsModel.h"><Filter>Workspace</Filter></ClInclude>
    <ClInclude Include="Workspace\ActivityLogModel.h"><Filter>Workspace</Filter></ClInclude>
    <ClInclude Include="Ui\UiConstants.h"><Filter>Application</Filter></ClInclude>
    <ClInclude Include="Sct\SctMetadataEditorWidget.h"><Filter>SCT</Filter></ClInclude>
    <ClInclude Include="Workspace\WorkspaceModel.h"><Filter>Workspace</Filter></ClInclude>
  </ItemGroup>
  <ItemGroup>
    <QtRcc Include="SalsaHelp.qrc"><Filter>Application</Filter></QtRcc>
  </ItemGroup>
</Project>
