<?xml version="1.0" encoding="utf-8"?>
<Project ToolsVersion="4.0" xmlns="http://schemas.microsoft.com/developer/msbuild/2003">
  <ItemGroup>
    <Filter Include="Application">
      <UniqueIdentifier>{A7888D7A-B9E4-43D5-8BD5-842E93574978}</UniqueIdentifier>
    </Filter>
    <Filter Include="Foundation">
      <UniqueIdentifier>{ED759807-5CB6-4429-BCA9-F63E6C3BEBE6}</UniqueIdentifier>
    </Filter>
    <Filter Include="History">
      <UniqueIdentifier>{4C3C709D-77EF-4E8B-9D7D-D8081FE6F360}</UniqueIdentifier>
    </Filter>
    <Filter Include="Project">
      <UniqueIdentifier>{48B6096D-4B14-4E39-B280-2C8D826E78AA}</UniqueIdentifier>
    </Filter>
    <Filter Include="SCT">
      <UniqueIdentifier>{5744D34F-4187-44F1-90D5-C68D43652E49}</UniqueIdentifier>
    </Filter>
  </ItemGroup>
  <ItemGroup>
    <ClInclude Include="include\SalsaCore\Application\ApplicationInfo.h">
      <Filter>Application</Filter>
    </ClInclude>
    <ClInclude Include="include\SalsaCore\Foundation\Diagnostic.h"><Filter>Foundation</Filter></ClInclude>
    <ClInclude Include="include\SalsaCore\Foundation\Hashing.h"><Filter>Foundation</Filter></ClInclude>
    <ClInclude Include="include\SalsaCore\Foundation\Result.h"><Filter>Foundation</Filter></ClInclude>
    <ClInclude Include="include\SalsaCore\History\RevisionHistory.h"><Filter>History</Filter></ClInclude>
    <ClInclude Include="include\SalsaCore\Project\AssetCatalogDiff.h"><Filter>Project</Filter></ClInclude>
    <ClInclude Include="include\SalsaCore\Project\AssetLocator.h"><Filter>Project</Filter></ClInclude>
    <ClInclude Include="include\SalsaCore\Project\GameProjectContext.h"><Filter>Project</Filter></ClInclude>
    <ClInclude Include="include\SalsaCore\Project\LocalGameProject.h"><Filter>Project</Filter></ClInclude>
    <ClInclude Include="include\SalsaCore\Project\ProjectTypes.h"><Filter>Project</Filter></ClInclude>
    <ClInclude Include="include\SalsaCore\Sct\SctDocumentLoader.h"><Filter>SCT</Filter></ClInclude>
    <ClInclude Include="include\SalsaCore\Sct\SctEditSession.h"><Filter>SCT</Filter></ClInclude>
    <ClInclude Include="include\SalsaCore\Sct\SctInspectionLocation.h"><Filter>SCT</Filter></ClInclude>
    <ClInclude Include="include\SalsaCore\Sct\SctMessageAuthoring.h"><Filter>SCT</Filter></ClInclude>
    <ClInclude Include="include\SalsaCore\Sct\SctPresentation.h"><Filter>SCT</Filter></ClInclude>
    <ClInclude Include="include\SalsaCore\Sct\SctSemanticUsageIndex.h"><Filter>SCT</Filter></ClInclude>
    <ClInclude Include="include\SalsaCore\Sct\SctSemanticOperation.h"><Filter>SCT</Filter></ClInclude>
  </ItemGroup>
  <ItemGroup>
    <ClCompile Include="src\Application\ApplicationInfo.cpp">
      <Filter>Application</Filter>
    </ClCompile>
    <ClCompile Include="src\Foundation\Hashing.cpp"><Filter>Foundation</Filter></ClCompile>
    <ClCompile Include="src\Project\AssetCatalogDiff.cpp"><Filter>Project</Filter></ClCompile>
    <ClCompile Include="src\Project\AssetLocator.cpp"><Filter>Project</Filter></ClCompile>
    <ClCompile Include="src\Project\LocalGameProject.cpp"><Filter>Project</Filter></ClCompile>
    <ClCompile Include="src\Sct\SctDocumentLoader.cpp"><Filter>SCT</Filter></ClCompile>
    <ClCompile Include="src\Sct\SctEditSession.cpp"><Filter>SCT</Filter></ClCompile>
    <ClCompile Include="src\Sct\SctMessageAuthoring.cpp"><Filter>SCT</Filter></ClCompile>
    <ClCompile Include="src\Sct\SctPresentation.cpp"><Filter>SCT</Filter></ClCompile>
    <ClCompile Include="src\Sct\SctSemanticUsageIndex.cpp"><Filter>SCT</Filter></ClCompile>
    <ClCompile Include="src\Sct\SctSemanticOperation.cpp"><Filter>SCT</Filter></ClCompile>
  </ItemGroup>
</Project>
